
Microsoft Visual Studio Solution File, Format Version 12.00
# Visual Studio Version 17
VisualStudioVersion = 17.8.34309.116
MinimumVisualStudioVersion = 10.0.40219.1
Project("{9A19103F-16F7-4668-BE54-9A1E7A4F7556}") = "Text2SqlExample", "Text2SqlExample\Text2SqlExample.csproj", "{1331EAF3-002D-4FA1-BC19-200655053034}"
EndProject
Project("{9A19103F-16F7-4668-BE54-9A1E7A4F7556}") = "Text2Sql", "Text2Sql\Text2Sql.csproj", "{3D66E83B-009C-4693-AEF9-3D6763B9088C}"
EndProject
Project("{2150E333-8FDC-42A3-9474-1A3956D46DE8}") = "Solution Items", "Solution Items", "{849935D3-C099-4E19-8C88-619CEA6F62F4}"
	ProjectSection(SolutionItems) = preProject
		Readme.md = Readme.md
	EndProjectSection
EndProject
Global
	GlobalSection(SolutionConfigurationPlatforms) = preSolution
		Debug|Any CPU = Debug|Any CPU
		Release|Any CPU = Release|Any CPU
	EndGlobalSection
	GlobalSection(ProjectConfigurationPlatforms) = postSolution
		{1331EAF3-002D-4FA1-BC19-200655053034}.Debug|Any CPU.ActiveCfg = Debug|Any CPU
		{1331EAF3-002D-4FA1-BC19-200655053034}.Debug|Any CPU.Build.0 = Debug|Any CPU
		{1331EAF3-002D-4FA1-BC19-200655053034}.Release|Any CPU.ActiveCfg = Release|Any CPU
		{1331EAF3-002D-4FA1-BC19-200655053034}.Release|Any CPU.Build.0 = Release|Any CPU
		{3D66E83B-009C-4693-AEF9-3D6763B9088C}.Debug|Any CPU.ActiveCfg = Debug|Any CPU
		{3D66E83B-009C-4693-AEF9-3D6763B9088C}.Debug|Any CPU.Build.0 = Debug|Any CPU
		{3D66E83B-009C-4693-AEF9-3D6763B9088C}.Release|Any CPU.ActiveCfg = Release|Any CPU
		{3D66E83B-009C-4693-AEF9-3D6763B9088C}.Release|Any CPU.Build.0 = Release|Any CPU
	EndGlobalSection
	GlobalSection(SolutionProperties) = preSolution
		HideSolutionNode = FALSE
	EndGlobalSection
	GlobalSection(ExtensibilityGlobals) = postSolution
		SolutionGuid = {1AC9CC14-D497-4CE6-AF3F-3F8D00A38755}
	EndGlobalSection
EndGlobal
